PODS:
  - Alamofire (5.11.1)
  - AppsFlyerFramework (6.17.9):
    - AppsFlyerFramework/Main (= 6.17.9)
  - AppsFlyerFramework/Main (6.17.9)
  - Nuke (10.7.1)

DEPENDENCIES:
  - Alamofire
  - AppsFlyerFramework
  - Nuke

SPEC REPOS:
  trunk:
    - Alamofire
    - AppsFlyerFramework
    - Nuke

SPEC CHECKSUMS:
  Alamofire: eec6cd8f73b242b59e34153a606a909eb9864b14
  AppsFlyerFramework: 4f9a8237d40e9093941aef760cd77d606238aedd
  Nuke: 279f17a599fd1c83cf51de5e0e1f2db143a287b0

PODFILE CHECKSUM: f179182425f1ac9d78f39b9e858c42f0053d0f93

COCOAPODS: 1.16.2
